<?xml version="1.0" encoding="utf-8"?>
<Project ToolsVersion="4.0" xmlns="http://schemas.microsoft.com/developer/msbuild/2003">
  <ItemGroup>
    <Filter Include="Source Files">
      <UniqueIdentifier>{4FC737F1-C7A5-4376-A066-2A32D752A2FF}</UniqueIdentifier>
      <Extensions>cpp;c;cc;cxx;def;odl;idl;hpj;bat;asm;asmx</Extensions>
    </Filter>
    <Filter Include="Resource Files">
      <UniqueIdentifier>{67DA6AB6-F800-4c08-8B7A-83BB121AAD01}</UniqueIdentifier>
      <Extensions>rc;ico;cur;bmp;dlg;rc2;rct;bin;rgs;gif;jpg;jpeg;jpe;resx;tiff;tif;png;wav;mfcribbon-ms</Extensions>
    </Filter>
    <Filter Include="Source Files\Main">
      <UniqueIdentifier>{63daa7c5-1a51-4d45-af86-560b3337d16a}</UniqueIdentifier>
    </Filter>
    <Filter Include="Source Files\Engine">
      <UniqueIdentifier>{1e566878-159c-4086-9941-50295ba37641}</UniqueIdentifier>
    </Filter>
    <Filter Include="Source Files\Systems">
      <UniqueIdentifier>{ba0acdd5-ba25-4755-9757-cd3f6b0b360e}</UniqueIdentifier>
    </Filter>
    <Filter Include="Source Files\Memory">
      <UniqueIdentifier>{8cdc35a0-0597-47e6-8732-6a7a14f0f70a}</UniqueIdentifier>
    </Filter>
    <Filter Include="Source Files\Math">
      <UniqueIdentifier>{f370a63d-ce41-47ed-9e75-c901a7b95217}</UniqueIdentifier>
    </Filter>
    <Filter Include="Source Files\Entity">
      <UniqueIdentifier>{8c8917b4-342b-491a-a67e-e57cefc89fa4}</UniqueIdentifier>
    </Filter>
    <Filter Include="Source Files\Entity\Components">
      <UniqueIdentifier>{65c56a10-8dbf-4978-9178-43e71e4f7e23}</UniqueIdentifier>
    </Filter>
    <Filter Include="Source Files\Graphics">
      <UniqueIdentifier>{782f47f2-de0b-476a-a942-0c0ff0ef0d62}</UniqueIdentifier>
    </Filter>
    <Filter Include="Source Files\Systems\EntityManager">
      <UniqueIdentifier>{05b267cb-b97f-457e-8005-609d4a3163c7}</UniqueIdentifier>
    </Filter>
    <Filter Include="Source Files\Utilites">
      <UniqueIdentifier>{f3852e2d-3ee7-429f-9cb2-b583450c5583}</UniqueIdentifier>
    </Filter>
  </ItemGroup>
  <ItemGroup>
    <ClInclude Include="Main\Resource.h">
      <Filter>Source Files\Main</Filter>
    </ClInclude>
    <ClInclude Include="Main\targetver.h">
      <Filter>Source Files\Main</Filter>
    </ClInclude>
    <ClInclude Include="Main\WindowHelper.h">
      <Filter>Source Files\Main</Filter>
    </ClInclude>
    <ClInclude Include="Engine\LunaEngine.h">
      <Filter>Source Files\Engine</Filter>
    </ClInclude>
    <ClInclude Include="Main\stdafx.h">
      <Filter>Source Files\Main</Filter>
    </ClInclude>
    <ClInclude Include="Memory\FreeListAllocator.h">
      <Filter>Source Files\Memory</Filter>
    </ClInclude>
    <ClInclude Include="Memory\MemoryManager.h">
      <Filter>Source Files\Memory</Filter>
    </ClInclude>
    <ClInclude Include="Math\Vec2.h">
      <Filter>Source Files\Math</Filter>
    </ClInclude>
    <ClInclude Include="Systems\EntityManager.h">
      <Filter>Source Files\Systems\EntityManager</Filter>
    </ClInclude>
    <ClInclude Include="Entity\Entity.h">
      <Filter>Source Files\Entity</Filter>
    </ClInclude>
    <ClInclude Include="Systems\System.h">
      <Filter>Source Files\Systems</Filter>
    </ClInclude>
  </ItemGroup>
  <ItemGroup>
    <Image Include="Main\LunaEngine.ico">
      <Filter>Resource Files</Filter>
    </Image>
    <Image Include="Main\small.ico">
      <Filter>Resource Files</Filter>
    </Image>
  </ItemGroup>
  <ItemGroup>
    <ResourceCompile Include="Main\LunaEngine.rc">
      <Filter>Resource Files</Filter>
    </ResourceCompile>
  </ItemGroup>
  <ItemGroup>
    <ClCompile Include="Main\WindowHelper.cpp">
      <Filter>Source Files\Main</Filter>
    </ClCompile>
    <ClCompile Include="Main\main.cpp">
      <Filter>Source Files\Main</Filter>
    </ClCompile>
    <ClCompile Include="Engine\LunaEngine.cpp">
      <Filter>Source Files\Engine</Filter>
    </ClCompile>
    <ClCompile Include="Memory\FreeListAllocator.cpp">
      <Filter>Source Files\Memory</Filter>
    </ClCompile>
    <ClCompile Include="Memory\MemoryManager.cpp">
      <Filter>Source Files\Memory</Filter>
    </ClCompile>
    <ClCompile Include="Math\Vec2.cpp">
      <Filter>Source Files\Math</Filter>
    </ClCompile>
    <ClCompile Include="Systems\EntityManager.cpp">
      <Filter>Source Files\Systems\EntityManager</Filter>
    </ClCompile>
    <ClCompile Include="Entity\Entity.cpp">
      <Filter>Source Files\Entity</Filter>
    </ClCompile>
  </ItemGroup>
</Project>